
Microsoft Visual Studio Solution File, Format Version 12.00
# Visual Studio Version 17
VisualStudioVersion = 17.2.32616.157
MinimumVisualStudioVersion = 10.0.40219.1
Project("{FAE04EC0-301F-11D3-BF4B-00C04F79EFBC}") = "M-326_backend", "M-326_backend\M-326_backend.csproj", "{2CDB3502-F357-4B74-8027-D0FF666F8345}"
EndProject
Global
	GlobalSection(SolutionConfigurationPlatforms) = preSolution
		Debug|Any CPU = Debug|Any CPU
		Release|Any CPU = Release|Any CPU
	EndGlobalSection
	GlobalSection(ProjectConfigurationPlatforms) = postSolution
		{2CDB3502-F357-4B74-8027-D0FF666F8345}.Debug|Any CPU.ActiveCfg = Debug|Any CPU
		{2CDB3502-F357-4B74-8027-D0FF666F8345}.Debug|Any CPU.Build.0 = Debug|Any CPU
		{2CDB3502-F357-4B74-8027-D0FF666F8345}.Release|Any CPU.ActiveCfg = Release|Any CPU
		{2CDB3502-F357-4B74-8027-D0FF666F8345}.Release|Any CPU.Build.0 = Release|Any CPU
	EndGlobalSection
	GlobalSection(SolutionProperties) = preSolution
		HideSolutionNode = FALSE
	EndGlobalSection
	GlobalSection(ExtensibilityGlobals) = postSolution
		SolutionGuid = {99297484-10EE-4C82-B234-ACD19C0AD7B3}
	EndGlobalSection
EndGlobal
